
Microsoft Visual Studio Solution File, Format Version 12.00
# Visual Studio Version 16
VisualStudioVersion = 16.0.28922.388
MinimumVisualStudioVersion = 10.0.40219.1
Project("{FAE04EC0-301F-11D3-BF4B-00C04F79EFBC}") = "calculator", "calculator\calculator.csproj", "{F77ED613-9FD0-48E5-965F-5673E2270494}"
EndProject
Project("{FAE04EC0-301F-11D3-BF4B-00C04F79EFBC}") = "UnitTestProject1", "UnitTestProject1\UnitTestProject1.csproj", "{65E2423B-709B-4194-A5D6-B1918A55160E}"
EndProject
Global
	GlobalSection(SolutionConfigurationPlatforms) = preSolution
		Debug|Any CPU = Debug|Any CPU
		Release|Any CPU = Release|Any CPU
	EndGlobalSection
	GlobalSection(ProjectConfigurationPlatforms) = postSolution
		{F77ED613-9FD0-48E5-965F-5673E2270494}.Debug|Any CPU.ActiveCfg = Debug|Any CPU
		{F77ED613-9FD0-48E5-965F-5673E2270494}.Debug|Any CPU.Build.0 = Debug|Any CPU
		{F77ED613-9FD0-48E5-965F-5673E2270494}.Release|Any CPU.ActiveCfg = Release|Any CPU
		{F77ED613-9FD0-48E5-965F-5673E2270494}.Release|Any CPU.Build.0 = Release|Any CPU
		{65E2423B-709B-4194-A5D6-B1918A55160E}.Debug|Any CPU.ActiveCfg = Debug|Any CPU
		{65E2423B-709B-4194-A5D6-B1918A55160E}.Debug|Any CPU.Build.0 = Debug|Any CPU
		{65E2423B-709B-4194-A5D6-B1918A55160E}.Release|Any CPU.ActiveCfg = Release|Any CPU
		{65E2423B-709B-4194-A5D6-B1918A55160E}.Release|Any CPU.Build.0 = Release|Any CPU
	EndGlobalSection
	GlobalSection(SolutionProperties) = preSolution
		HideSolutionNode = FALSE
	EndGlobalSection
	GlobalSection(ExtensibilityGlobals) = postSolution
		SolutionGuid = {AC894A20-F42B-4AEC-AC10-3A55D84FBA40}
	EndGlobalSection
EndGlobal
