
Microsoft Visual Studio Solution File, Format Version 12.00
# Visual Studio Version 16
VisualStudioVersion = 16.0.28922.388
MinimumVisualStudioVersion = 10.0.40219.1
Project("{FAE04EC0-301F-11D3-BF4B-00C04F79EFBC}") = "calculator", "CalcProgram\calculator.csproj", "{5E12B0E9-E1DB-4DBE-84A6-D22E9D922CE4}"
EndProject
Project("{FAE04EC0-301F-11D3-BF4B-00C04F79EFBC}") = "UnitTest", "UnitTest\UnitTest.csproj", "{4299A345-B27D-4A37-A88F-F36843691202}"
EndProject
Global
	GlobalSection(SolutionConfigurationPlatforms) = preSolution
		Debug|Any CPU = Debug|Any CPU
		Release|Any CPU = Release|Any CPU
	EndGlobalSection
	GlobalSection(ProjectConfigurationPlatforms) = postSolution
		{5E12B0E9-E1DB-4DBE-84A6-D22E9D922CE4}.Debug|Any CPU.ActiveCfg = Debug|Any CPU
		{5E12B0E9-E1DB-4DBE-84A6-D22E9D922CE4}.Debug|Any CPU.Build.0 = Debug|Any CPU
		{5E12B0E9-E1DB-4DBE-84A6-D22E9D922CE4}.Release|Any CPU.ActiveCfg = Release|Any CPU
		{5E12B0E9-E1DB-4DBE-84A6-D22E9D922CE4}.Release|Any CPU.Build.0 = Release|Any CPU
		{4299A345-B27D-4A37-A88F-F36843691202}.Debug|Any CPU.ActiveCfg = Debug|Any CPU
		{4299A345-B27D-4A37-A88F-F36843691202}.Debug|Any CPU.Build.0 = Debug|Any CPU
		{4299A345-B27D-4A37-A88F-F36843691202}.Release|Any CPU.ActiveCfg = Release|Any CPU
		{4299A345-B27D-4A37-A88F-F36843691202}.Release|Any CPU.Build.0 = Release|Any CPU
	EndGlobalSection
	GlobalSection(SolutionProperties) = preSolution
		HideSolutionNode = FALSE
	EndGlobalSection
	GlobalSection(ExtensibilityGlobals) = postSolution
		SolutionGuid = {24D8C4BA-6E96-46DA-BFA7-C66F0C99EC35}
	EndGlobalSection
EndGlobal
